
Microsoft Visual Studio Solution File, Format Version 12.00
# Visual Studio 2017
Project("{FAE04EC0-301F-11D3-BF4B-00C04F79EFBC}") = "VoxelVR", "VoxelVR.csproj", "{D11A522C-1C4E-188D-CDBE-48949180F62C}"
EndProject
Project("{FAE04EC0-301F-11D3-BF4B-00C04F79EFBC}") = "VoxelVR.Editor", "VoxelVR.Editor.csproj", "{0953C5AA-6413-E3BC-C745-CA3D57F80168}"
EndProject
Global
	GlobalSection(SolutionConfigurationPlatforms) = preSolution
		Debug|Any CPU = Debug|Any CPU
		Release|Any CPU = Release|Any CPU
	EndGlobalSection
	GlobalSection(ProjectConfigurationPlatforms) = postSolution
		{D11A522C-1C4E-188D-CDBE-48949180F62C}.Debug|Any CPU.ActiveCfg = Debug|Any CPU
		{D11A522C-1C4E-188D-CDBE-48949180F62C}.Debug|Any CPU.Build.0 = Debug|Any CPU
		{D11A522C-1C4E-188D-CDBE-48949180F62C}.Release|Any CPU.ActiveCfg = Release|Any CPU
		{D11A522C-1C4E-188D-CDBE-48949180F62C}.Release|Any CPU.Build.0 = Release|Any CPU
		{0953C5AA-6413-E3BC-C745-CA3D57F80168}.Debug|Any CPU.ActiveCfg = Debug|Any CPU
		{0953C5AA-6413-E3BC-C745-CA3D57F80168}.Debug|Any CPU.Build.0 = Debug|Any CPU
		{0953C5AA-6413-E3BC-C745-CA3D57F80168}.Release|Any CPU.ActiveCfg = Release|Any CPU
		{0953C5AA-6413-E3BC-C745-CA3D57F80168}.Release|Any CPU.Build.0 = Release|Any CPU
	EndGlobalSection
	GlobalSection(SolutionProperties) = preSolution
		HideSolutionNode = FALSE
	EndGlobalSection
EndGlobal
